{
  "name": "verovio-grace",
  "version": "1.0.0",
  "lockfileVersion": 3,
  "requires": true,
  "packages": {
    "": {
      "name": "verovio-grace",
      "version": "1.0.0",
      "license": "ISC",
      "dependencies": {
        "verovio": "5.3.2"
      }
    },
    "node_modules/verovio": {
      "version": "5.3.2",
      "resolved": "https://registry.npmjs.org/verovio/-/verovio-5.3.2.tgz",
      "integrity": "sha512-5jtxjp53VBC5zHMGLg4WTBmc8LqRnJFsSQhwTutS9VyCSXCq1yowRbPdEo5pOBUPCsLnL6zA22t5I4jk2lq/pw==",
      "license": "LGPL-3.0-or-later",
      "engines": {
        "node": ">= 14.18.0"
      }
    }
  }
}
